
Microsoft Visual Studio Solution File, Format Version 12.00
# Visual Studio Version 17
VisualStudioVersion = 17.12.35707.178
MinimumVisualStudioVersion = 10.0.40219.1
Project("{FAE04EC0-301F-11D3-BF4B-00C04F79EFBC}") = "SkiaSharpControls", "SkiaSharpControls\SkiaSharpControls.csproj", "{458E4F97-B952-421F-962D-7EAE8182699C}"
EndProject
Project("{FAE04EC0-301F-11D3-BF4B-00C04F79EFBC}") = "WpfApp1", "WpfApp1\WpfApp1.csproj", "{650D8B9B-5793-4665-BCA0-3370105F4922}"
EndProject
Project("{FAE04EC0-301F-11D3-BF4B-00C04F79EFBC}") = "SkiaSharpControlV2", "SkiaSharpControlV2\SkiaSharpControlV2.csproj", "{B3FCEE7D-BBC4-4EFD-B289-31B16E6F4FED}"
EndProject
Project("{FAE04EC0-301F-11D3-BF4B-00C04F79EFBC}") = "SampleApplicationV2", "SampleApplicationV2\SampleApplicationV2.csproj", "{B6A89DA8-48D3-49A4-8E29-B0FAB122ED6C}"
EndProject
Project("{FAE04EC0-301F-11D3-BF4B-00C04F79EFBC}") = "SkiaSharpControlV2.Data", "SkiaSharpControlV2.Data\SkiaSharpControlV2.Data.csproj", "{943C132A-3578-44B7-999A-F0B8FACAD8BF}"
EndProject
Global
	GlobalSection(SolutionConfigurationPlatforms) = preSolution
		Debug|Any CPU = Debug|Any CPU
		Release|Any CPU = Release|Any CPU
	EndGlobalSection
	GlobalSection(ProjectConfigurationPlatforms) = postSolution
		{458E4F97-B952-421F-962D-7EAE8182699C}.Debug|Any CPU.ActiveCfg = Debug|Any CPU
		{458E4F97-B952-421F-962D-7EAE8182699C}.Debug|Any CPU.Build.0 = Debug|Any CPU
		{458E4F97-B952-421F-962D-7EAE8182699C}.Release|Any CPU.ActiveCfg = Release|Any CPU
		{458E4F97-B952-421F-962D-7EAE8182699C}.Release|Any CPU.Build.0 = Release|Any CPU
		{650D8B9B-5793-4665-BCA0-3370105F4922}.Debug|Any CPU.ActiveCfg = Debug|Any CPU
		{650D8B9B-5793-4665-BCA0-3370105F4922}.Debug|Any CPU.Build.0 = Debug|Any CPU
		{650D8B9B-5793-4665-BCA0-3370105F4922}.Release|Any CPU.ActiveCfg = Release|Any CPU
		{650D8B9B-5793-4665-BCA0-3370105F4922}.Release|Any CPU.Build.0 = Release|Any CPU
		{B3FCEE7D-BBC4-4EFD-B289-31B16E6F4FED}.Debug|Any CPU.ActiveCfg = Debug|Any CPU
		{B3FCEE7D-BBC4-4EFD-B289-31B16E6F4FED}.Debug|Any CPU.Build.0 = Debug|Any CPU
		{B3FCEE7D-BBC4-4EFD-B289-31B16E6F4FED}.Release|Any CPU.ActiveCfg = Release|Any CPU
		{B3FCEE7D-BBC4-4EFD-B289-31B16E6F4FED}.Release|Any CPU.Build.0 = Release|Any CPU
		{B6A89DA8-48D3-49A4-8E29-B0FAB122ED6C}.Debug|Any CPU.ActiveCfg = Debug|Any CPU
		{B6A89DA8-48D3-49A4-8E29-B0FAB122ED6C}.Debug|Any CPU.Build.0 = Debug|Any CPU
		{B6A89DA8-48D3-49A4-8E29-B0FAB122ED6C}.Release|Any CPU.ActiveCfg = Release|Any CPU
		{B6A89DA8-48D3-49A4-8E29-B0FAB122ED6C}.Release|Any CPU.Build.0 = Release|Any CPU
		{943C132A-3578-44B7-999A-F0B8FACAD8BF}.Debug|Any CPU.ActiveCfg = Debug|Any CPU
		{943C132A-3578-44B7-999A-F0B8FACAD8BF}.Debug|Any CPU.Build.0 = Debug|Any CPU
		{943C132A-3578-44B7-999A-F0B8FACAD8BF}.Release|Any CPU.ActiveCfg = Release|Any CPU
		{943C132A-3578-44B7-999A-F0B8FACAD8BF}.Release|Any CPU.Build.0 = Release|Any CPU
	EndGlobalSection
	GlobalSection(SolutionProperties) = preSolution
		HideSolutionNode = FALSE
	EndGlobalSection
	GlobalSection(ExtensibilityGlobals) = postSolution
		SolutionGuid = {1A1FE298-A092-4156-AD4A-2A00FB240BB4}
	EndGlobalSection
EndGlobal
